// !$*UTF8*$!
{
	archiveVersion = 1;
	classes = {
	};
	objectVersion = 50;
	objects = {

/* Begin PBXBuildFile section */
		9745BD9526B5E91400535CB3 /* AppDelegate.swift in Sources */ = {isa = PBXBuildFile; fileRef = 9745BD9426B5E91400535CB3 /* AppDelegate.swift */; };
		9745BD9726B5E91400535CB3 /* SceneDelegate.swift in Sources */ = {isa = PBXBuildFile; fileRef = 9745BD9626B5E91400535CB3 /* SceneDelegate.swift */; };
		9745BD9C26B5E91400535CB3 /* Main.storyboard in Resources */ = {isa = PBXBuildFile; fileRef = 9745BD9A26B5E91400535CB3 /* Main.storyboard */; };
		9745BD9E26B5E91600535CB3 /* Assets.xcassets in Resources */ = {isa = PBXBuildFile; fileRef = 9745BD9D26B5E91600535CB3 /* Assets.xcassets */; };
		9745BDA126B5E91600535CB3 /* LaunchScreen.storyboard in Resources */ = {isa = PBXBuildFile; fileRef = 9745BD9F26B5E91600535CB3 /* LaunchScreen.storyboard */; };
		9745BDAD26B5EB7900535CB3 /* OrdersTableViewController.swift in Sources */ = {isa = PBXBuildFile; fileRef = 9745BDAC26B5EB7900535CB3 /* OrdersTableViewController.swift */; };
		9745BDB026B5EBCB00535CB3 /* AddOrderViewController.swift in Sources */ = {isa = PBXBuildFile; fileRef = 9745BDAF26B5EBCB00535CB3 /* AddOrderViewController.swift */; };
		9745BDB426B5F15D00535CB3 /* Webservice.swift in Sources */ = {isa = PBXBuildFile; fileRef = 9745BDB326B5F15D00535CB3 /* Webservice.swift */; };
		9745BDB926B5F43500535CB3 /* Order.swift in Sources */ = {isa = PBXBuildFile; fileRef = 9745BDB826B5F43500535CB3 /* Order.swift */; };
		9745BDBD26B5F87D00535CB3 /* OrderViewModel.swift in Sources */ = {isa = PBXBuildFile; fileRef = 9745BDBC26B5F87D00535CB3 /* OrderViewModel.swift */; };
		9745BDC126B5FF3E00535CB3 /* AddCofferOrderViewModel.swift in Sources */ = {isa = PBXBuildFile; fileRef = 9745BDC026B5FF3E00535CB3 /* AddCofferOrderViewModel.swift */; };
/* End PBXBuildFile section */

/* Begin PBXFileReference section */
		9745BD9126B5E91400535CB3 /* HotCoffe.app */ = {isa = PBXFileReference; explicitFileType = wrapper.application; includeInIndex = 0; path = HotCoffe.app; sourceTree = BUILT_PRODUCTS_DIR; };
		9745BD9426B5E91400535CB3 /* AppDelegate.swift */ = {isa = PBXFileReference; lastKnownFileType = sourcecode.swift; path = AppDelegate.swift; sourceTree = "<group>"; };
		9745BD9626B5E91400535CB3 /* SceneDelegate.swift */ = {isa = PBXFileReference; lastKnownFileType = sourcecode.swift; path = SceneDelegate.swift; sourceTree = "<group>"; };
		9745BD9B26B5E91400535CB3 /* Base */ = {isa = PBXFileReference; lastKnownFileType = file.storyboard; name = Base; path = Base.lproj/Main.storyboard; sourceTree = "<group>"; };
		9745BD9D26B5E91600535CB3 /* Assets.xcassets */ = {isa = PBXFileReference; lastKnownFileType = folder.assetcatalog; path = Assets.xcassets; sourceTree = "<group>"; };
		9745BDA026B5E91600535CB3 /* Base */ = {isa = PBXFileReference; lastKnownFileType = file.storyboard; name = Base; path = Base.lproj/LaunchScreen.storyboard; sourceTree = "<group>"; };
		9745BDA226B5E91600535CB3 /* Info.plist */ = {isa = PBXFileReference; lastKnownFileType = text.plist.xml; path = Info.plist; sourceTree = "<group>"; };
		9745BDAC26B5EB7900535CB3 /* OrdersTableViewController.swift */ = {isa = PBXFileReference; lastKnownFileType = sourcecode.swift; path = OrdersTableViewController.swift; sourceTree = "<group>"; };
		9745BDAF26B5EBCB00535CB3 /* AddOrderViewController.swift */ = {isa = PBXFileReference; lastKnownFileType = sourcecode.swift; path = AddOrderViewController.swift; sourceTree = "<group>"; };
		9745BDB326B5F15D00535CB3 /* Webservice.swift */ = {isa = PBXFileReference; lastKnownFileType = sourcecode.swift; path = Webservice.swift; sourceTree = "<group>"; };
		9745BDB826B5F43500535CB3 /* Order.swift */ = {isa = PBXFileReference; lastKnownFileType = sourcecode.swift; path = Order.swift; sourceTree = "<group>"; };
		9745BDBC26B5F87D00535CB3 /* OrderViewModel.swift */ = {isa = PBXFileReference; lastKnownFileType = sourcecode.swift; path = OrderViewModel.swift; sourceTree = "<group>"; };
		9745BDC026B5FF3E00535CB3 /* AddCofferOrderViewModel.swift */ = {isa = PBXFileReference; lastKnownFileType = sourcecode.swift; path = AddCofferOrderViewModel.swift; sourceTree = "<group>"; };
/* End PBXFileReference section */

/* Begin PBXFrameworksBuildPhase section */
		9745BD8E26B5E91400535CB3 /* Frameworks */ = {
			isa = PBXFrameworksBuildPhase;
			buildActionMask = 2147483647;
			files = (
			);
			runOnlyForDeploymentPostprocessing = 0;
		};
/* End PBXFrameworksBuildPhase section */

/* Begin PBXGroup section */
		9745BD8826B5E91400535CB3 = {
			isa = PBXGroup;
			children = (
				9745BD9326B5E91400535CB3 /* HotCoffe */,
				9745BD9226B5E91400535CB3 /* Products */,
			);
			sourceTree = "<group>";
		};
		9745BD9226B5E91400535CB3 /* Products */ = {
			isa = PBXGroup;
			children = (
				9745BD9126B5E91400535CB3 /* HotCoffe.app */,
			);
			name = Products;
			sourceTree = "<group>";
		};
		9745BD9326B5E91400535CB3 /* HotCoffe */ = {
			isa = PBXGroup;
			children = (
				9745BDBB26B5F85F00535CB3 /* ViewModels */,
				9745BDB726B5F42000535CB3 /* Models */,
				9745BDB226B5F14500535CB3 /* Services */,
				9745BDAA26B5EA2800535CB3 /* Controllers */,
				9745BD9426B5E91400535CB3 /* AppDelegate.swift */,
				9745BD9626B5E91400535CB3 /* SceneDelegate.swift */,
				9745BD9A26B5E91400535CB3 /* Main.storyboard */,
				9745BD9D26B5E91600535CB3 /* Assets.xcassets */,
				9745BD9F26B5E91600535CB3 /* LaunchScreen.storyboard */,
				9745BDA226B5E91600535CB3 /* Info.plist */,
			);
			path = HotCoffe;
			sourceTree = "<group>";
		};
		9745BDAA26B5EA2800535CB3 /* Controllers */ = {
			isa = PBXGroup;
			children = (
				9745BDAC26B5EB7900535CB3 /* OrdersTableViewController.swift */,
				9745BDAF26B5EBCB00535CB3 /* AddOrderViewController.swift */,
			);
			path = Controllers;
			sourceTree = "<group>";
		};
		9745BDB226B5F14500535CB3 /* Services */ = {
			isa = PBXGroup;
			children = (
				9745BDB326B5F15D00535CB3 /* Webservice.swift */,
			);
			path = Services;
			sourceTree = "<group>";
		};
		9745BDB726B5F42000535CB3 /* Models */ = {
			isa = PBXGroup;
			children = (
				9745BDB826B5F43500535CB3 /* Order.swift */,
			);
			path = Models;
			sourceTree = "<group>";
		};
		9745BDBB26B5F85F00535CB3 /* ViewModels */ = {
			isa = PBXGroup;
			children = (
				9745BDBC26B5F87D00535CB3 /* OrderViewModel.swift */,
				9745BDC026B5FF3E00535CB3 /* AddCofferOrderViewModel.swift */,
			);
			path = ViewModels;
			sourceTree = "<group>";
		};
/* End PBXGroup section */

/* Begin PBXNativeTarget section */
		9745BD9026B5E91400535CB3 /* HotCoffe */ = {
			isa = PBXNativeTarget;
			buildConfigurationList = 9745BDA526B5E91600535CB3 /* Build configuration list for PBXNativeTarget "HotCoffe" */;
			buildPhases = (
				9745BD8D26B5E91400535CB3 /* Sources */,
				9745BD8E26B5E91400535CB3 /* Frameworks */,
				9745BD8F26B5E91400535CB3 /* Resources */,
			);
			buildRules = (
			);
			dependencies = (
			);
			name = HotCoffe;
			productName = HotCoffe;
			productReference = 9745BD9126B5E91400535CB3 /* HotCoffe.app */;
			productType = "com.apple.product-type.application";
		};
/* End PBXNativeTarget section */

/* Begin PBXProject section */
		9745BD8926B5E91400535CB3 /* Project object */ = {
			isa = PBXProject;
			attributes = {
				LastSwiftUpdateCheck = 1240;
				LastUpgradeCheck = 1240;
				TargetAttributes = {
					9745BD9026B5E91400535CB3 = {
						CreatedOnToolsVersion = 12.4;
					};
				};
			};
			buildConfigurationList = 9745BD8C26B5E91400535CB3 /* Build configuration list for PBXProject "HotCoffe" */;
			compatibilityVersion = "Xcode 9.3";
			developmentRegion = en;
			hasScannedForEncodings = 0;
			knownRegions = (
				en,
				Base,
			);
			mainGroup = 9745BD8826B5E91400535CB3;
			productRefGroup = 9745BD9226B5E91400535CB3 /* Products */;
			projectDirPath = "";
			projectRoot = "";
			targets = (
				9745BD9026B5E91400535CB3 /* HotCoffe */,
			);
		};
/* End PBXProject section */

/* Begin PBXResourcesBuildPhase section */
		9745BD8F26B5E91400535CB3 /* Resources */ = {
			isa = PBXResourcesBuildPhase;
			buildActionMask = 2147483647;
			files = (
				9745BDA126B5E91600535CB3 /* LaunchScreen.storyboard in Resources */,
				9745BD9E26B5E91600535CB3 /* Assets.xcassets in Resources */,
				9745BD9C26B5E91400535CB3 /* Main.storyboard in Resources */,
			);
			runOnlyForDeploymentPostprocessing = 0;
		};
/* End PBXResourcesBuildPhase section */

/* Begin PBXSourcesBuildPhase section */
		9745BD8D26B5E91400535CB3 /* Sources */ = {
			isa = PBXSourcesBuildPhase;
			buildActionMask = 2147483647;
			files = (
				9745BDB926B5F43500535CB3 /* Order.swift in Sources */,
				9745BD9526B5E91400535CB3 /* AppDelegate.swift in Sources */,
				9745BD9726B5E91400535CB3 /* SceneDelegate.swift in Sources */,
				9745BDAD26B5EB7900535CB3 /* OrdersTableViewController.swift in Sources */,
				9745BDB426B5F15D00535CB3 /* Webservice.swift in Sources */,
				9745BDBD26B5F87D00535CB3 /* OrderViewModel.swift in Sources */,
				9745BDC126B5FF3E00535CB3 /* AddCofferOrderViewModel.swift in Sources */,
				9745BDB026B5EBCB00535CB3 /* AddOrderViewController.swift in Sources */,
			);
			runOnlyForDeploymentPostprocessing = 0;
		};
/* End PBXSourcesBuildPhase section */

/* Begin PBXVariantGroup section */
		9745BD9A26B5E91400535CB3 /* Main.storyboard */ = {
			isa = PBXVariantGroup;
			children = (
				9745BD9B26B5E91400535CB3 /* Base */,
			);
			name = Main.storyboard;
			sourceTree = "<group>";
		};
		9745BD9F26B5E91600535CB3 /* LaunchScreen.storyboard */ = {
			isa = PBXVariantGroup;
			children = (
				9745BDA026B5E91600535CB3 /* Base */,
			);
			name = LaunchScreen.storyboard;
			sourceTree = "<group>";
		};
/* End PBXVariantGroup section */

/* Begin XCBuildConfiguration section */
		9745BDA326B5E91600535CB3 /* Debug */ = {
			isa = XCBuildConfiguration;
			buildSettings = {
				ALWAYS_SEARCH_USER_PATHS = NO;
				CLANG_ANALYZER_NONNULL = YES;
				CLANG_ANALYZER_NUMBER_OBJECT_CONVERSION = YES_AGGRESSIVE;
				CLANG_CXX_LANGUAGE_STANDARD = "gnu++14";
				CLANG_CXX_LIBRARY = "libc++";
				CLANG_ENABLE_MODULES = YES;
				CLANG_ENABLE_OBJC_ARC = YES;
				CLANG_ENABLE_OBJC_WEAK = YES;
				CLANG_WARN_BLOCK_CAPTURE_AUTORELEASING = YES;
				CLANG_WARN_BOOL_CONVERSION = YES;
				CLANG_WARN_COMMA = YES;
				CLANG_WARN_CONSTANT_CONVERSION = YES;
				CLANG_WARN_DEPRECATED_OBJC_IMPLEMENTATIONS = YES;
				CLANG_WARN_DIRECT_OBJC_ISA_USAGE = YES_ERROR;
				CLANG_WARN_DOCUMENTATION_COMMENTS = YES;
				CLANG_WARN_EMPTY_BODY = YES;
				CLANG_WARN_ENUM_CONVERSION = YES;
				CLANG_WARN_INFINITE_RECURSION = YES;
				CLANG_WARN_INT_CONVERSION = YES;
				CLANG_WARN_NON_LITERAL_NULL_CONVERSION = YES;
				CLANG_WARN_OBJC_IMPLICIT_RETAIN_SELF = YES;
				CLANG_WARN_OBJC_LITERAL_CONVERSION = YES;
				CLANG_WARN_OBJC_ROOT_CLASS = YES_ERROR;
				CLANG_WARN_QUOTED_INCLUDE_IN_FRAMEWORK_HEADER = YES;
				CLANG_WARN_RANGE_LOOP_ANALYSIS = YES;
				CLANG_WARN_STRICT_PROTOTYPES = YES;
				CLANG_WARN_SUSPICIOUS_MOVE = YES;
				CLANG_WARN_UNGUARDED_AVAILABILITY = YES_AGGRESSIVE;
				CLANG_WARN_UNREACHABLE_CODE = YES;
				CLANG_WARN__DUPLICATE_METHOD_MATCH = YES;
				COPY_PHASE_STRIP = NO;
				DEBUG_INFORMATION_FORMAT = dwarf;
				ENABLE_STRICT_OBJC_MSGSEND = YES;
				ENABLE_TESTABILITY = YES;
				GCC_C_LANGUAGE_STANDARD = gnu11;
				GCC_DYNAMIC_NO_PIC = NO;
				GCC_NO_COMMON_BLOCKS = YES;
				GCC_OPTIMIZATION_LEVEL = 0;
				GCC_PREPROCESSOR_DEFINITIONS = (
					"DEBUG=1",
					"$(inherited)",
				);
				GCC_WARN_64_TO_32_BIT_CONVERSION = YES;
				GCC_WARN_ABOUT_RETURN_TYPE = YES_ERROR;
				GCC_WARN_UNDECLARED_SELECTOR = YES;
				GCC_WARN_UNINITIALIZED_AUTOS = YES_AGGRESSIVE;
				GCC_WARN_UNUSED_FUNCTION = YES;
				GCC_WARN_UNUSED_VARIABLE = YES;
				IPHONEOS_DEPLOYMENT_TARGET = 14.4;
				MTL_ENABLE_DEBUG_INFO = INCLUDE_SOURCE;
				MTL_FAST_MATH = YES;
				ONLY_ACTIVE_ARCH = YES;
				SDKROOT = iphoneos;
				SWIFT_ACTIVE_COMPILATION_CONDITIONS = DEBUG;
				SWIFT_OPTIMIZATION_LEVEL = "-Onone";
			};
			name = Debug;
		};
		9745BDA426B5E91600535CB3 /* Release */ = {
			isa = XCBuildConfiguration;
			buildSettings = {
				ALWAYS_SEARCH_USER_PATHS = NO;
				CLANG_ANALYZER_NONNULL = YES;
				CLANG_ANALYZER_NUMBER_OBJECT_CONVERSION = YES_AGGRESSIVE;
				CLANG_CXX_LANGUAGE_STANDARD = "gnu++14";
				CLANG_CXX_LIBRARY = "libc++";
				CLANG_ENABLE_MODULES = YES;
				CLANG_ENABLE_OBJC_ARC = YES;
				CLANG_ENABLE_OBJC_WEAK = YES;
				CLANG_WARN_BLOCK_CAPTURE_AUTORELEASING = YES;
				CLANG_WARN_BOOL_CONVERSION = YES;
				CLANG_WARN_COMMA = YES;
				CLANG_WARN_CONSTANT_CONVERSION = YES;
				CLANG_WARN_DEPRECATED_OBJC_IMPLEMENTATIONS = YES;
				CLANG_WARN_DIRECT_OBJC_ISA_USAGE = YES_ERROR;
				CLANG_WARN_DOCUMENTATION_COMMENTS = YES;
				CLANG_WARN_EMPTY_BODY = YES;
				CLANG_WARN_ENUM_CONVERSION = YES;
				CLANG_WARN_INFINITE_RECURSION = YES;
				CLANG_WARN_INT_CONVERSION = YES;
				CLANG_WARN_NON_LITERAL_NULL_CONVERSION = YES;
				CLANG_WARN_OBJC_IMPLICIT_RETAIN_SELF = YES;
				CLANG_WARN_OBJC_LITERAL_CONVERSION = YES;
				CLANG_WARN_OBJC_ROOT_CLASS = YES_ERROR;
				CLANG_WARN_QUOTED_INCLUDE_IN_FRAMEWORK_HEADER = YES;
				CLANG_WARN_RANGE_LOOP_ANALYSIS = YES;
				CLANG_WARN_STRICT_PROTOTYPES = YES;
				CLANG_WARN_SUSPICIOUS_MOVE = YES;
				CLANG_WARN_UNGUARDED_AVAILABILITY = YES_AGGRESSIVE;
				CLANG_WARN_UNREACHABLE_CODE = YES;
				CLANG_WARN__DUPLICATE_METHOD_MATCH = YES;
				COPY_PHASE_STRIP = NO;
				DEBUG_INFORMATION_FORMAT = "dwarf-with-dsym";
				ENABLE_NS_ASSERTIONS = NO;
				ENABLE_STRICT_OBJC_MSGSEND = YES;
				GCC_C_LANGUAGE_STANDARD = gnu11;
				GCC_NO_COMMON_BLOCKS = YES;
				GCC_WARN_64_TO_32_BIT_CONVERSION = YES;
				GCC_WARN_ABOUT_RETURN_TYPE = YES_ERROR;
				GCC_WARN_UNDECLARED_SELECTOR = YES;
				GCC_WARN_UNINITIALIZED_AUTOS = YES_AGGRESSIVE;
				GCC_WARN_UNUSED_FUNCTION = YES;
				GCC_WARN_UNUSED_VARIABLE = YES;
				IPHONEOS_DEPLOYMENT_TARGET = 14.4;
				MTL_ENABLE_DEBUG_INFO = NO;
				MTL_FAST_MATH = YES;
				SDKROOT = iphoneos;
				SWIFT_COMPILATION_MODE = wholemodule;
				SWIFT_OPTIMIZATION_LEVEL = "-O";
				VALIDATE_PRODUCT = YES;
			};
			name = Release;
		};
		9745BDA626B5E91600535CB3 /* Debug */ = {
			isa = XCBuildConfiguration;
			buildSettings = {
				ASSETCATALOG_COMPILER_APPICON_NAME = AppIcon;
				ASSETCATALOG_COMPILER_GLOBAL_ACCENT_COLOR_NAME = AccentColor;
				CODE_SIGN_STYLE = Automatic;
				INFOPLIST_FILE = HotCoffe/Info.plist;
				LD_RUNPATH_SEARCH_PATHS = (
					"$(inherited)",
					"@executable_path/Frameworks",
				);
				PRODUCT_BUNDLE_IDENTIFIER = net.kizey.HotCoffe;
				PRODUCT_NAME = "$(TARGET_NAME)";
				SWIFT_VERSION = 5.0;
				TARGETED_DEVICE_FAMILY = "1,2";
			};
			name = Debug;
		};
		9745BDA726B5E91600535CB3 /* Release */ = {
			isa = XCBuildConfiguration;
			buildSettings = {
				ASSETCATALOG_COMPILER_APPICON_NAME = AppIcon;
				ASSETCATALOG_COMPILER_GLOBAL_ACCENT_COLOR_NAME = AccentColor;
				CODE_SIGN_STYLE = Automatic;
				INFOPLIST_FILE = HotCoffe/Info.plist;
				LD_RUNPATH_SEARCH_PATHS = (
					"$(inherited)",
					"@executable_path/Frameworks",
				);
				PRODUCT_BUNDLE_IDENTIFIER = net.kizey.HotCoffe;
				PRODUCT_NAME = "$(TARGET_NAME)";
				SWIFT_VERSION = 5.0;
				TARGETED_DEVICE_FAMILY = "1,2";
			};
			name = Release;
		};
/* End XCBuildConfiguration section */

/* Begin XCConfigurationList section */
		9745BD8C26B5E91400535CB3 /* Build configuration list for PBXProject "HotCoffe" */ = {
			isa = XCConfigurationList;
			buildConfigurations = (
				9745BDA326B5E91600535CB3 /* Debug */,
				9745BDA426B5E91600535CB3 /* Release */,
			);
			defaultConfigurationIsVisible = 0;
			defaultConfigurationName = Release;
		};
		9745BDA526B5E91600535CB3 /* Build configuration list for PBXNativeTarget "HotCoffe" */ = {
			isa = XCConfigurationList;
			buildConfigurations = (
				9745BDA626B5E91600535CB3 /* Debug */,
				9745BDA726B5E91600535CB3 /* Release */,
			);
			defaultConfigurationIsVisible = 0;
			defaultConfigurationName = Release;
		};
/* End XCConfigurationList section */
	};
	rootObject = 9745BD8926B5E91400535CB3 /* Project object */;
}
